<?xml version="1.0" encoding="utf-8"?>
<Project ToolsVersion="4.0" xmlns="http://schemas.microsoft.com/developer/msbuild/2003">
  <ItemGroup>
    <ClCompile Include="j1Window.cpp">
      <Filter>Game Files\Modules</Filter>
    </ClCompile>
    <ClCompile Include="j1Audio.cpp">
      <Filter>Game Files\Modules</Filter>
    </ClCompile>
    <ClCompile Include="j1App.cpp">
      <Filter>Game Files</Filter>
    </ClCompile>
    <ClCompile Include="j1Input.cpp">
      <Filter>Game Files\Modules</Filter>
    </ClCompile>
    <ClCompile Include="j1Main.cpp">
      <Filter>Game Files</Filter>
    </ClCompile>
    <ClCompile Include="j1Render.cpp">
      <Filter>Game Files\Modules</Filter>
    </ClCompile>
    <ClCompile Include="j1Textures.cpp">
      <Filter>Game Files\Modules</Filter>
    </ClCompile>
    <ClCompile Include="p2Log.cpp">
      <Filter>Tools</Filter>
    </ClCompile>
    <ClCompile Include="j1Scene.cpp">
      <Filter>Game Files\Scenes</Filter>
    </ClCompile>
    <ClCompile Include="PugiXml\src\pugixml.cpp">
      <Filter>Tools\PuguiXML</Filter>
    </ClCompile>
    <ClCompile Include="j1Map.cpp">
      <Filter>Game Files\Modules</Filter>
    </ClCompile>
    <ClCompile Include="j1Collision.cpp">
      <Filter>Game Files\Modules</Filter>
    </ClCompile>
    <ClCompile Include="j1FadeScene.cpp">
      <Filter>Game Files\Scenes</Filter>
    </ClCompile>
    <ClCompile Include="j1Timer.cpp">
      <Filter>Tools\Timers</Filter>
    </ClCompile>
    <ClCompile Include="j1PerfTimer.cpp">
      <Filter>Tools\Timers</Filter>
    </ClCompile>
    <ClCompile Include="Bat.cpp">
      <Filter>Game Files\Entity Manager\Entities\Physical\Creatures\Enemies</Filter>
    </ClCompile>
    <ClCompile Include="Slime.cpp">
      <Filter>Game Files\Entity Manager\Entities\Physical\Creatures\Enemies</Filter>
    </ClCompile>
    <ClCompile Include="j1Pathfinding.cpp">
      <Filter>Game Files\Modules</Filter>
    </ClCompile>
    <ClCompile Include="j1Fonts.cpp">
      <Filter>Game Files\Modules</Filter>
    </ClCompile>
    <ClCompile Include="j1EntityManager.cpp">
      <Filter>Game Files\Entity Manager</Filter>
    </ClCompile>
    <ClCompile Include="Enemy.cpp">
      <Filter>Game Files\Entity Manager\Entities\Physical\Creatures</Filter>
    </ClCompile>
    <ClCompile Include="Player.cpp">
      <Filter>Game Files\Entity Manager\Entities\Physical\Creatures</Filter>
    </ClCompile>
    <ClCompile Include="UIElement.cpp">
      <Filter>Game Files\User Interface</Filter>
    </ClCompile>
    <ClCompile Include="Image.cpp">
      <Filter>Game Files\User Interface\UI Elements</Filter>
    </ClCompile>
    <ClCompile Include="Text.cpp">
      <Filter>Game Files\User Interface\UI Elements\Images</Filter>
    </ClCompile>
    <ClCompile Include="Window.cpp">
      <Filter>Game Files\User Interface\UI Elements\Images</Filter>
    </ClCompile>
    <ClCompile Include="CheckBox.cpp">
      <Filter>Game Files\User Interface\UI Elements\Images\Buttons</Filter>
    </ClCompile>
    <ClCompile Include="InputText.cpp">
      <Filter>Game Files\User Interface\UI Elements\Images\Buttons</Filter>
    </ClCompile>
    <ClCompile Include="Creature.cpp">
      <Filter>Game Files\Entity Manager\Entities\Physical</Filter>
    </ClCompile>
    <ClCompile Include="Entity.cpp">
      <Filter>Game Files\Entity Manager</Filter>
    </ClCompile>
    <ClCompile Include="PhysicalElement.cpp">
      <Filter>Game Files\Entity Manager\Entities</Filter>
    </ClCompile>
    <ClCompile Include="Item.cpp">
      <Filter>Game Files\Entity Manager\Entities\Physical</Filter>
    </ClCompile>
    <ClCompile Include="Coin.cpp">
      <Filter>Game Files\Entity Manager\Entities\Physical\Items</Filter>
    </ClCompile>
    <ClCompile Include="j1UserInterface.cpp">
      <Filter>Game Files\User Interface</Filter>
    </ClCompile>
  </ItemGroup>
  <ItemGroup>
    <ClInclude Include="j1Window.h">
      <Filter>Game Files\Modules</Filter>
    </ClInclude>
    <ClInclude Include="j1Audio.h">
      <Filter>Game Files\Modules</Filter>
    </ClInclude>
    <ClInclude Include="j1App.h">
      <Filter>Game Files</Filter>
    </ClInclude>
    <ClInclude Include="j1Input.h">
      <Filter>Game Files\Modules</Filter>
    </ClInclude>
    <ClInclude Include="j1Module.h">
      <Filter>Game Files</Filter>
    </ClInclude>
    <ClInclude Include="j1Render.h">
      <Filter>Game Files\Modules</Filter>
    </ClInclude>
    <ClInclude Include="j1Textures.h">
      <Filter>Game Files\Modules</Filter>
    </ClInclude>
    <ClInclude Include="p2Defs.h">
      <Filter>Tools</Filter>
    </ClInclude>
    <ClInclude Include="p2List.h">
      <Filter>Tools</Filter>
    </ClInclude>
    <ClInclude Include="p2Log.h">
      <Filter>Tools</Filter>
    </ClInclude>
    <ClInclude Include="p2SString.h">
      <Filter>Tools</Filter>
    </ClInclude>
    <ClInclude Include="p2Point.h">
      <Filter>Tools</Filter>
    </ClInclude>
    <ClInclude Include="p2DynArray.h">
      <Filter>Tools</Filter>
    </ClInclude>
    <ClInclude Include="j1Scene.h">
      <Filter>Game Files\Scenes</Filter>
    </ClInclude>
    <ClInclude Include="PugiXml\src\pugiconfig.hpp">
      <Filter>Tools\PuguiXML</Filter>
    </ClInclude>
    <ClInclude Include="PugiXml\src\pugixml.hpp">
      <Filter>Tools\PuguiXML</Filter>
    </ClInclude>
    <ClInclude Include="j1Map.h">
      <Filter>Game Files\Modules</Filter>
    </ClInclude>
    <ClInclude Include="p2Animation.h">
      <Filter>Tools</Filter>
    </ClInclude>
    <ClInclude Include="j1Collision.h">
      <Filter>Game Files\Modules</Filter>
    </ClInclude>
    <ClInclude Include="j1FadeScene.h">
      <Filter>Game Files\Scenes</Filter>
    </ClInclude>
    <ClInclude Include="j1PerfTimer.h">
      <Filter>Tools\Timers</Filter>
    </ClInclude>
    <ClInclude Include="j1Timer.h">
      <Filter>Tools\Timers</Filter>
    </ClInclude>
    <ClInclude Include="Bat.h">
      <Filter>Game Files\Entity Manager\Entities\Physical\Creatures\Enemies</Filter>
    </ClInclude>
    <ClInclude Include="Slime.h">
      <Filter>Game Files\Entity Manager\Entities\Physical\Creatures\Enemies</Filter>
    </ClInclude>
    <ClInclude Include="j1Pathfinding.h">
      <Filter>Game Files\Modules</Filter>
    </ClInclude>
    <ClInclude Include="j1Fonts.h">
      <Filter>Game Files\Modules</Filter>
    </ClInclude>
    <ClInclude Include="j1EntityManager.h">
      <Filter>Game Files\Entity Manager</Filter>
    </ClInclude>
    <ClInclude Include="Player.h">
      <Filter>Game Files\Entity Manager\Entities\Physical\Creatures</Filter>
    </ClInclude>
    <ClInclude Include="Enemy.h">
      <Filter>Game Files\Entity Manager\Entities\Physical\Creatures</Filter>
    </ClInclude>
    <ClInclude Include="UIElement.h">
      <Filter>Game Files\User Interface</Filter>
    </ClInclude>
    <ClInclude Include="Image.h">
      <Filter>Game Files\User Interface\UI Elements</Filter>
    </ClInclude>
    <ClInclude Include="Text.h">
      <Filter>Game Files\User Interface\UI Elements\Images</Filter>
    </ClInclude>
    <ClInclude Include="Window.h">
      <Filter>Game Files\User Interface\UI Elements\Images</Filter>
    </ClInclude>
    <ClInclude Include="Button.h">
      <Filter>Game Files\User Interface\UI Elements\Images</Filter>
    </ClInclude>
    <ClInclude Include="ActionBox.h">
      <Filter>Game Files\User Interface\UI Elements\Images\Buttons</Filter>
    </ClInclude>
    <ClInclude Include="CheckBox.h">
      <Filter>Game Files\User Interface\UI Elements\Images\Buttons</Filter>
    </ClInclude>
    <ClInclude Include="InputText.h">
      <Filter>Game Files\User Interface\UI Elements\Images\Buttons</Filter>
    </ClInclude>
    <ClInclude Include="Creature.h">
      <Filter>Game Files\Entity Manager\Entities\Physical</Filter>
    </ClInclude>
    <ClInclude Include="Entity.h">
      <Filter>Game Files\Entity Manager</Filter>
    </ClInclude>
    <ClInclude Include="PhysicalElement.h">
      <Filter>Game Files\Entity Manager\Entities</Filter>
    </ClInclude>
    <ClInclude Include="Item.h">
      <Filter>Game Files\Entity Manager\Entities\Physical</Filter>
    </ClInclude>
    <ClInclude Include="Coin.h">
      <Filter>Game Files\Entity Manager\Entities\Physical\Items</Filter>
    </ClInclude>
    <ClInclude Include="j1UserInterface.h">
      <Filter>Game Files\User Interface</Filter>
    </ClInclude>
  </ItemGroup>
  <ItemGroup>
    <Filter Include="Game Files">
      <UniqueIdentifier>{cb944693-b9d0-484c-bad2-02d5a7cdbec6}</UniqueIdentifier>
    </Filter>
    <Filter Include="Game Files\Scenes">
      <UniqueIdentifier>{e07660eb-d36f-4cc9-af59-324d31c2f2f6}</UniqueIdentifier>
    </Filter>
    <Filter Include="Game Files\Modules">
      <UniqueIdentifier>{244722d1-90ce-423d-8e7a-556211865a32}</UniqueIdentifier>
    </Filter>
    <Filter Include="Game Files\User Interface">
      <UniqueIdentifier>{8a2d281e-be06-453b-98ad-a84dd283f0d2}</UniqueIdentifier>
    </Filter>
    <Filter Include="Game Files\User Interface\UI Elements">
      <UniqueIdentifier>{38fe4935-a547-482a-ba90-2ab003912fde}</UniqueIdentifier>
    </Filter>
    <Filter Include="Game Files\User Interface\UI Elements\Images">
      <UniqueIdentifier>{ded91a84-634e-44e4-8696-06ef6f14b7fd}</UniqueIdentifier>
    </Filter>
    <Filter Include="Game Files\User Interface\UI Elements\Images\Buttons">
      <UniqueIdentifier>{35ae5b14-9717-4848-8f26-fc4dfa32972f}</UniqueIdentifier>
    </Filter>
    <Filter Include="Tools">
      <UniqueIdentifier>{a8bfab6a-5472-4969-943e-861a8b493f08}</UniqueIdentifier>
    </Filter>
    <Filter Include="Tools\Timers">
      <UniqueIdentifier>{a3f71b58-2439-41f2-a0c7-5032a528420f}</UniqueIdentifier>
    </Filter>
    <Filter Include="Game Files\XML Files">
      <UniqueIdentifier>{aa9e5e9a-ff24-4c7c-8ef2-a2fee7732472}</UniqueIdentifier>
    </Filter>
    <Filter Include="Game Files\XML Files\Maps">
      <UniqueIdentifier>{8c3c84ba-f93d-427e-a71c-7a4d81c96937}</UniqueIdentifier>
    </Filter>
    <Filter Include="Game Files\XML Files\Saves">
      <UniqueIdentifier>{fc924d21-fd50-4459-850a-000e9842b02f}</UniqueIdentifier>
    </Filter>
    <Filter Include="Tools\PuguiXML">
      <UniqueIdentifier>{7cb78d67-17cc-45eb-af97-e2106becce7b}</UniqueIdentifier>
    </Filter>
    <Filter Include="Game Files\Entity Manager">
      <UniqueIdentifier>{78947161-7b28-4d60-9489-dc9d48f72812}</UniqueIdentifier>
    </Filter>
    <Filter Include="Game Files\Entity Manager\Entities">
      <UniqueIdentifier>{5be272c1-b988-41bd-a95f-41c54e0bd18b}</UniqueIdentifier>
    </Filter>
    <Filter Include="Game Files\Entity Manager\Entities\Physical">
      <UniqueIdentifier>{9c648ea4-71ec-4103-8b26-3a07f5dd9ecb}</UniqueIdentifier>
    </Filter>
    <Filter Include="Game Files\Entity Manager\Entities\Physical\Creatures">
      <UniqueIdentifier>{b72f5391-e45c-41e4-8b93-c4ac5845128d}</UniqueIdentifier>
    </Filter>
    <Filter Include="Game Files\Entity Manager\Entities\Physical\Creatures\Enemies">
      <UniqueIdentifier>{b1a43df9-6c1d-45e5-9e79-2309ba6910fd}</UniqueIdentifier>
    </Filter>
    <Filter Include="Game Files\Entity Manager\Entities\Physical\Items">
      <UniqueIdentifier>{2ce0b83e-642c-4796-bd74-811c22411b25}</UniqueIdentifier>
    </Filter>
    <Filter Include="Game Files\Entity Manager\Entities\Physical\Environment">
      <UniqueIdentifier>{1ff47e6c-9fd3-4e6f-85b3-b2c72cb1be76}</UniqueIdentifier>
    </Filter>
    <Filter Include="Game Files\Entity Manager\Entities\Particle">
      <UniqueIdentifier>{2bd696a0-a408-4989-848b-2c794b38f520}</UniqueIdentifier>
    </Filter>
  </ItemGroup>
  <ItemGroup>
    <None Include="..\Game\maps\level1.tmx">
      <Filter>Game Files\XML Files\Maps</Filter>
    </None>
    <None Include="..\Game\maps\level2.tmx">
      <Filter>Game Files\XML Files\Maps</Filter>
    </None>
  </ItemGroup>
  <ItemGroup>
    <Xml Include="..\Game\config.xml">
      <Filter>Game Files\XML Files</Filter>
    </Xml>
  </ItemGroup>
</Project>