<?xml version="1.0" encoding="utf-8"?>
<Project ToolsVersion="4.0" xmlns="http://schemas.microsoft.com/developer/msbuild/2003">
  <ItemGroup>
    <ClCompile Include="j1Window.cpp">
      <Filter>Desenvolupament  ========\Modules</Filter>
    </ClCompile>
    <ClCompile Include="j1Audio.cpp">
      <Filter>Desenvolupament  ========\Modules</Filter>
    </ClCompile>
    <ClCompile Include="j1App.cpp">
      <Filter>Desenvolupament  ========</Filter>
    </ClCompile>
    <ClCompile Include="j1Input.cpp">
      <Filter>Desenvolupament  ========\Modules</Filter>
    </ClCompile>
    <ClCompile Include="j1Main.cpp">
      <Filter>Desenvolupament  ========</Filter>
    </ClCompile>
    <ClCompile Include="j1Render.cpp">
      <Filter>Desenvolupament  ========\Modules</Filter>
    </ClCompile>
    <ClCompile Include="j1Textures.cpp">
      <Filter>Desenvolupament  ========\Modules</Filter>
    </ClCompile>
    <ClCompile Include="p2Log.cpp">
      <Filter>Programacio 2 ===========</Filter>
    </ClCompile>
    <ClCompile Include="j1Scene.cpp">
      <Filter>Desenvolupament  ========\Scenes</Filter>
    </ClCompile>
    <ClCompile Include="PugiXml\src\pugixml.cpp">
      <Filter>Desenvolupament  ========\Tools\PuguiXML</Filter>
    </ClCompile>
    <ClCompile Include="j1Map.cpp">
      <Filter>Desenvolupament  ========\Modules</Filter>
    </ClCompile>
    <ClCompile Include="j1Collision.cpp">
      <Filter>Desenvolupament  ========\Modules</Filter>
    </ClCompile>
    <ClCompile Include="j1FadeScene.cpp">
      <Filter>Desenvolupament  ========\Scenes</Filter>
    </ClCompile>
    <ClCompile Include="j1Timer.cpp">
      <Filter>Desenvolupament  ========\Tools\Timers</Filter>
    </ClCompile>
    <ClCompile Include="j1PerfTimer.cpp">
      <Filter>Desenvolupament  ========\Tools\Timers</Filter>
    </ClCompile>
    <ClCompile Include="Bat.cpp">
      <Filter>Desenvolupament  ========\Entities System\Entities\Physical\Creatures\Enemies</Filter>
    </ClCompile>
    <ClCompile Include="Slime.cpp">
      <Filter>Desenvolupament  ========\Entities System\Entities\Physical\Creatures\Enemies</Filter>
    </ClCompile>
    <ClCompile Include="j1Pathfinding.cpp">
      <Filter>Desenvolupament  ========\Modules</Filter>
    </ClCompile>
    <ClCompile Include="Entity.cpp">
      <Filter>Desenvolupament  ========\Entities System\Entities</Filter>
    </ClCompile>
    <ClCompile Include="j1Fonts.cpp">
      <Filter>Desenvolupament  ========\Modules</Filter>
    </ClCompile>
    <ClCompile Include="j1EntityManager.cpp">
      <Filter>Desenvolupament  ========\Entities System</Filter>
    </ClCompile>
    <ClCompile Include="j1UserInterface.cpp">
      <Filter>Desenvolupament  ========\Entities System</Filter>
    </ClCompile>
    <ClCompile Include="Enemy.cpp">
      <Filter>Desenvolupament  ========\Entities System\Entities\Physical\Creatures</Filter>
    </ClCompile>
    <ClCompile Include="Player.cpp">
      <Filter>Desenvolupament  ========\Entities System\Entities\Physical\Creatures</Filter>
    </ClCompile>
    <ClCompile Include="UIElement.cpp">
      <Filter>Desenvolupament  ========\Entities System\Entities\UI Elements</Filter>
    </ClCompile>
    <ClCompile Include="Button.cpp">
      <Filter>Desenvolupament  ========\Entities System\Entities\UI Elements\Button</Filter>
    </ClCompile>
    <ClCompile Include="InputText.cpp">
      <Filter>Desenvolupament  ========\Entities System\Entities\UI Elements\Button\Input Text</Filter>
    </ClCompile>
    <ClCompile Include="CheckBox.cpp">
      <Filter>Desenvolupament  ========\Entities System\Entities\UI Elements\Button\Check Box</Filter>
    </ClCompile>
    <ClCompile Include="PhysicalElement.cpp">
      <Filter>Desenvolupament  ========\Entities System\Entities\Physical</Filter>
    </ClCompile>
    <ClCompile Include="Creature.cpp">
      <Filter>Desenvolupament  ========\Entities System\Entities\Physical\Creatures</Filter>
    </ClCompile>
    <ClCompile Include="Text.cpp">
      <Filter>Desenvolupament  ========\Entities System\Entities\UI Elements</Filter>
    </ClCompile>
    <ClCompile Include="Image.cpp">
      <Filter>Desenvolupament  ========\Entities System\Entities\UI Elements</Filter>
    </ClCompile>
  </ItemGroup>
  <ItemGroup>
    <ClInclude Include="j1Window.h">
      <Filter>Desenvolupament  ========\Modules</Filter>
    </ClInclude>
    <ClInclude Include="j1Audio.h">
      <Filter>Desenvolupament  ========\Modules</Filter>
    </ClInclude>
    <ClInclude Include="j1App.h">
      <Filter>Desenvolupament  ========</Filter>
    </ClInclude>
    <ClInclude Include="j1Input.h">
      <Filter>Desenvolupament  ========\Modules</Filter>
    </ClInclude>
    <ClInclude Include="j1Module.h">
      <Filter>Desenvolupament  ========</Filter>
    </ClInclude>
    <ClInclude Include="j1Render.h">
      <Filter>Desenvolupament  ========\Modules</Filter>
    </ClInclude>
    <ClInclude Include="j1Textures.h">
      <Filter>Desenvolupament  ========\Modules</Filter>
    </ClInclude>
    <ClInclude Include="p2Defs.h">
      <Filter>Programacio 2 ===========</Filter>
    </ClInclude>
    <ClInclude Include="p2List.h">
      <Filter>Programacio 2 ===========</Filter>
    </ClInclude>
    <ClInclude Include="p2Log.h">
      <Filter>Programacio 2 ===========</Filter>
    </ClInclude>
    <ClInclude Include="p2SString.h">
      <Filter>Programacio 2 ===========</Filter>
    </ClInclude>
    <ClInclude Include="p2Point.h">
      <Filter>Programacio 2 ===========</Filter>
    </ClInclude>
    <ClInclude Include="p2DynArray.h">
      <Filter>Programacio 2 ===========</Filter>
    </ClInclude>
    <ClInclude Include="j1Scene.h">
      <Filter>Desenvolupament  ========\Scenes</Filter>
    </ClInclude>
    <ClInclude Include="PugiXml\src\pugiconfig.hpp">
      <Filter>Desenvolupament  ========\Tools\PuguiXML</Filter>
    </ClInclude>
    <ClInclude Include="PugiXml\src\pugixml.hpp">
      <Filter>Desenvolupament  ========\Tools\PuguiXML</Filter>
    </ClInclude>
    <ClInclude Include="j1Map.h">
      <Filter>Desenvolupament  ========\Modules</Filter>
    </ClInclude>
    <ClInclude Include="p2Animation.h">
      <Filter>Programacio 2 ===========</Filter>
    </ClInclude>
    <ClInclude Include="j1Collision.h">
      <Filter>Desenvolupament  ========\Modules</Filter>
    </ClInclude>
    <ClInclude Include="j1FadeScene.h">
      <Filter>Desenvolupament  ========\Scenes</Filter>
    </ClInclude>
    <ClInclude Include="j1PerfTimer.h">
      <Filter>Desenvolupament  ========\Tools\Timers</Filter>
    </ClInclude>
    <ClInclude Include="j1Timer.h">
      <Filter>Desenvolupament  ========\Tools\Timers</Filter>
    </ClInclude>
    <ClInclude Include="Bat.h">
      <Filter>Desenvolupament  ========\Entities System\Entities\Physical\Creatures\Enemies</Filter>
    </ClInclude>
    <ClInclude Include="Slime.h">
      <Filter>Desenvolupament  ========\Entities System\Entities\Physical\Creatures\Enemies</Filter>
    </ClInclude>
    <ClInclude Include="j1Pathfinding.h">
      <Filter>Desenvolupament  ========\Modules</Filter>
    </ClInclude>
    <ClInclude Include="Entity.h">
      <Filter>Desenvolupament  ========\Entities System\Entities</Filter>
    </ClInclude>
    <ClInclude Include="j1Fonts.h">
      <Filter>Desenvolupament  ========\Modules</Filter>
    </ClInclude>
    <ClInclude Include="j1EntityManager.h">
      <Filter>Desenvolupament  ========\Entities System</Filter>
    </ClInclude>
    <ClInclude Include="j1UserInterface.h">
      <Filter>Desenvolupament  ========\Entities System</Filter>
    </ClInclude>
    <ClInclude Include="Player.h">
      <Filter>Desenvolupament  ========\Entities System\Entities\Physical\Creatures</Filter>
    </ClInclude>
    <ClInclude Include="Enemy.h">
      <Filter>Desenvolupament  ========\Entities System\Entities\Physical\Creatures</Filter>
    </ClInclude>
    <ClInclude Include="UIElement.h">
      <Filter>Desenvolupament  ========\Entities System\Entities\UI Elements</Filter>
    </ClInclude>
    <ClInclude Include="Button.h">
      <Filter>Desenvolupament  ========\Entities System\Entities\UI Elements\Button</Filter>
    </ClInclude>
    <ClInclude Include="InputText.h">
      <Filter>Desenvolupament  ========\Entities System\Entities\UI Elements\Button\Input Text</Filter>
    </ClInclude>
    <ClInclude Include="CheckBox.h">
      <Filter>Desenvolupament  ========\Entities System\Entities\UI Elements\Button\Check Box</Filter>
    </ClInclude>
    <ClInclude Include="PhysicalElement.h">
      <Filter>Desenvolupament  ========\Entities System\Entities\Physical</Filter>
    </ClInclude>
    <ClInclude Include="Creature.h">
      <Filter>Desenvolupament  ========\Entities System\Entities\Physical\Creatures</Filter>
    </ClInclude>
    <ClInclude Include="Text.h">
      <Filter>Desenvolupament  ========\Entities System\Entities\UI Elements</Filter>
    </ClInclude>
    <ClInclude Include="Image.h">
      <Filter>Desenvolupament  ========\Entities System\Entities\UI Elements</Filter>
    </ClInclude>
  </ItemGroup>
  <ItemGroup>
    <Filter Include="Programacio 2 ===========">
      <UniqueIdentifier>{a8bfab6a-5472-4969-943e-861a8b493f08}</UniqueIdentifier>
    </Filter>
    <Filter Include="Desenvolupament  ========">
      <UniqueIdentifier>{cb944693-b9d0-484c-bad2-02d5a7cdbec6}</UniqueIdentifier>
    </Filter>
    <Filter Include="Desenvolupament  ========\Tools">
      <UniqueIdentifier>{42c748be-4a37-49de-970f-5be811d06b38}</UniqueIdentifier>
    </Filter>
    <Filter Include="Desenvolupament  ========\Scenes">
      <UniqueIdentifier>{e07660eb-d36f-4cc9-af59-324d31c2f2f6}</UniqueIdentifier>
    </Filter>
    <Filter Include="Desenvolupament  ========\Modules">
      <UniqueIdentifier>{244722d1-90ce-423d-8e7a-556211865a32}</UniqueIdentifier>
    </Filter>
    <Filter Include="Desenvolupament  ========\Tools\PuguiXML">
      <UniqueIdentifier>{7cb78d67-17cc-45eb-af97-e2106becce7b}</UniqueIdentifier>
    </Filter>
    <Filter Include="Desenvolupament  ========\XML Files">
      <UniqueIdentifier>{aa9e5e9a-ff24-4c7c-8ef2-a2fee7732472}</UniqueIdentifier>
    </Filter>
    <Filter Include="Desenvolupament  ========\XML Files\Maps">
      <UniqueIdentifier>{8c3c84ba-f93d-427e-a71c-7a4d81c96937}</UniqueIdentifier>
    </Filter>
    <Filter Include="Desenvolupament  ========\XML Files\Saves">
      <UniqueIdentifier>{fc924d21-fd50-4459-850a-000e9842b02f}</UniqueIdentifier>
    </Filter>
    <Filter Include="Desenvolupament  ========\Tools\Timers">
      <UniqueIdentifier>{a3f71b58-2439-41f2-a0c7-5032a528420f}</UniqueIdentifier>
    </Filter>
    <Filter Include="Desenvolupament  ========\Entities System">
      <UniqueIdentifier>{78947161-7b28-4d60-9489-dc9d48f72812}</UniqueIdentifier>
    </Filter>
    <Filter Include="Desenvolupament  ========\Entities System\Entities">
      <UniqueIdentifier>{5be272c1-b988-41bd-a95f-41c54e0bd18b}</UniqueIdentifier>
    </Filter>
    <Filter Include="Desenvolupament  ========\Entities System\Entities\UI Elements">
      <UniqueIdentifier>{38fe4935-a547-482a-ba90-2ab003912fde}</UniqueIdentifier>
    </Filter>
    <Filter Include="Desenvolupament  ========\Entities System\Entities\Physical">
      <UniqueIdentifier>{9c648ea4-71ec-4103-8b26-3a07f5dd9ecb}</UniqueIdentifier>
    </Filter>
    <Filter Include="Desenvolupament  ========\Entities System\Entities\Physical\Creatures">
      <UniqueIdentifier>{b72f5391-e45c-41e4-8b93-c4ac5845128d}</UniqueIdentifier>
    </Filter>
    <Filter Include="Desenvolupament  ========\Entities System\Entities\Physical\Creatures\Enemies">
      <UniqueIdentifier>{b1a43df9-6c1d-45e5-9e79-2309ba6910fd}</UniqueIdentifier>
    </Filter>
    <Filter Include="Desenvolupament  ========\Entities System\Entities\UI Elements\Button">
      <UniqueIdentifier>{20cabf54-f1ac-41e3-831c-8aeb3cd5649a}</UniqueIdentifier>
    </Filter>
    <Filter Include="Desenvolupament  ========\Entities System\Entities\Physical\Items">
      <UniqueIdentifier>{2ce0b83e-642c-4796-bd74-811c22411b25}</UniqueIdentifier>
    </Filter>
    <Filter Include="Desenvolupament  ========\Entities System\Entities\Physical\Environment">
      <UniqueIdentifier>{1ff47e6c-9fd3-4e6f-85b3-b2c72cb1be76}</UniqueIdentifier>
    </Filter>
    <Filter Include="Desenvolupament  ========\Entities System\Entities\UI Elements\Button\Check Box">
      <UniqueIdentifier>{43513386-3d94-4f7d-9ae1-6ae33e3de978}</UniqueIdentifier>
    </Filter>
    <Filter Include="Desenvolupament  ========\Entities System\Entities\UI Elements\Button\Input Text">
      <UniqueIdentifier>{7418f606-6af5-41cc-86b2-7157c2793265}</UniqueIdentifier>
    </Filter>
  </ItemGroup>
  <ItemGroup>
    <None Include="..\Game\maps\level1.tmx">
      <Filter>Desenvolupament  ========\XML Files\Maps</Filter>
    </None>
    <None Include="..\Game\maps\level2.tmx">
      <Filter>Desenvolupament  ========\XML Files\Maps</Filter>
    </None>
  </ItemGroup>
  <ItemGroup>
    <Xml Include="..\Game\save_game.xml">
      <Filter>Desenvolupament  ========\XML Files\Saves</Filter>
    </Xml>
    <Xml Include="..\Game\config.xml">
      <Filter>Desenvolupament  ========\XML Files</Filter>
    </Xml>
  </ItemGroup>
</Project>